
Microsoft Visual Studio Solution File, Format Version 12.00
# Visual Studio 15
VisualStudioVersion = 15.0.28307.705
MinimumVisualStudioVersion = 10.0.40219.1
Project("{FAE04EC0-301F-11D3-BF4B-00C04F79EFBC}") = "CountNodes", "CountNodes\CountNodes.csproj", "{75883FC7-CC5F-421A-8054-CEC34533AA3C}"
EndProject
Global
	GlobalSection(SolutionConfigurationPlatforms) = preSolution
		Debug|Any CPU = Debug|Any CPU
		Release|Any CPU = Release|Any CPU
	EndGlobalSection
	GlobalSection(ProjectConfigurationPlatforms) = postSolution
		{75883FC7-CC5F-421A-8054-CEC34533AA3C}.Debug|Any CPU.ActiveCfg = Debug|Any CPU
		{75883FC7-CC5F-421A-8054-CEC34533AA3C}.Debug|Any CPU.Build.0 = Debug|Any CPU
		{75883FC7-CC5F-421A-8054-CEC34533AA3C}.Release|Any CPU.ActiveCfg = Release|Any CPU
		{75883FC7-CC5F-421A-8054-CEC34533AA3C}.Release|Any CPU.Build.0 = Release|Any CPU
	EndGlobalSection
	GlobalSection(SolutionProperties) = preSolution
		HideSolutionNode = FALSE
	EndGlobalSection
	GlobalSection(ExtensibilityGlobals) = postSolution
		SolutionGuid = {ED1E61F7-046F-4F2C-ACF6-0CFA85FA190B}
	EndGlobalSection
EndGlobal
